
Microsoft Visual Studio Solution File, Format Version 12.00
# Visual Studio Version 17
VisualStudioVersion = 17.10.34916.146
MinimumVisualStudioVersion = 10.0.40219.1
Project("{2150E333-8FDC-42A3-9474-1A3956D46DE8}") = "Services", "Services", "{661EDC8B-E618-46C9-B457-B8398320683C}"
EndProject
Project("{2150E333-8FDC-42A3-9474-1A3956D46DE8}") = "Catalog", "Catalog", "{EB231E69-6FE4-4796-A120-0B0596DDD010}"
EndProject
Project("{FAE04EC0-301F-11D3-BF4B-00C04F79EFBC}") = "MultiShop.Catalog", "Services\Catalog\MultiShop.Catalog\MultiShop.Catalog.csproj", "{7E837EDD-F2C0-484B-A8B5-0AE74118E2F0}"
EndProject
Project("{2150E333-8FDC-42A3-9474-1A3956D46DE8}") = "Discount", "Discount", "{1377CBC0-A47C-4267-9370-0792AF887026}"
EndProject
Project("{FAE04EC0-301F-11D3-BF4B-00C04F79EFBC}") = "MultiShop.Discount", "Services\Discount\MultiShop.Discount\MultiShop.Discount.csproj", "{F379FF7E-8A3E-4446-ABCA-4A3E54682209}"
EndProject
Project("{2150E333-8FDC-42A3-9474-1A3956D46DE8}") = "Order", "Order", "{E7EDD2CD-01FA-4CA1-B4B0-1613FB539432}"
EndProject
Project("{2150E333-8FDC-42A3-9474-1A3956D46DE8}") = "Core", "Core", "{9B1CF2DE-8AE0-428C-818E-29162AEEE6D1}"
EndProject
Project("{2150E333-8FDC-42A3-9474-1A3956D46DE8}") = "Infrastructure", "Infrastructure", "{200A7C81-AE73-43A9-BAC5-29054A96E72B}"
EndProject
Project("{2150E333-8FDC-42A3-9474-1A3956D46DE8}") = "Presantation", "Presantation", "{2DC36E1B-8FE7-418D-823C-E674B6C3CBBA}"
EndProject
Project("{FAE04EC0-301F-11D3-BF4B-00C04F79EFBC}") = "MultiShop.Order.Domain", "Services\Order\Core\MultiShop.Order.Domain\MultiShop.Order.Domain.csproj", "{61980C1D-42C2-4D96-8198-03AD45F713F9}"
EndProject
Project("{FAE04EC0-301F-11D3-BF4B-00C04F79EFBC}") = "MultiShop.Order.Application", "Services\Order\Core\MultiShop.Order.Application\MultiShop.Order.Application.csproj", "{C6A36DE0-0D1A-4623-BFB3-862625AFE858}"
EndProject
Project("{FAE04EC0-301F-11D3-BF4B-00C04F79EFBC}") = "MultiShop.Order.Persistence", "Services\Order\Infrastructure\MultiShop.Order.Persistence\MultiShop.Order.Persistence.csproj", "{51207814-FD5F-484C-AF8C-84433169070A}"
EndProject
Project("{FAE04EC0-301F-11D3-BF4B-00C04F79EFBC}") = "MultiShop.Order.WebAPI", "Services\Order\Presantation\MultiShop.Order.WebAPI\MultiShop.Order.WebAPI.csproj", "{A90560AE-87FB-47E7-B3EC-DB5E4BE4274B}"
EndProject
Global
	GlobalSection(SolutionConfigurationPlatforms) = preSolution
		Debug|Any CPU = Debug|Any CPU
		Release|Any CPU = Release|Any CPU
	EndGlobalSection
	GlobalSection(ProjectConfigurationPlatforms) = postSolution
		{7E837EDD-F2C0-484B-A8B5-0AE74118E2F0}.Debug|Any CPU.ActiveCfg = Debug|Any CPU
		{7E837EDD-F2C0-484B-A8B5-0AE74118E2F0}.Debug|Any CPU.Build.0 = Debug|Any CPU
		{7E837EDD-F2C0-484B-A8B5-0AE74118E2F0}.Release|Any CPU.ActiveCfg = Release|Any CPU
		{7E837EDD-F2C0-484B-A8B5-0AE74118E2F0}.Release|Any CPU.Build.0 = Release|Any CPU
		{F379FF7E-8A3E-4446-ABCA-4A3E54682209}.Debug|Any CPU.ActiveCfg = Debug|Any CPU
		{F379FF7E-8A3E-4446-ABCA-4A3E54682209}.Debug|Any CPU.Build.0 = Debug|Any CPU
		{F379FF7E-8A3E-4446-ABCA-4A3E54682209}.Release|Any CPU.ActiveCfg = Release|Any CPU
		{F379FF7E-8A3E-4446-ABCA-4A3E54682209}.Release|Any CPU.Build.0 = Release|Any CPU
		{61980C1D-42C2-4D96-8198-03AD45F713F9}.Debug|Any CPU.ActiveCfg = Debug|Any CPU
		{61980C1D-42C2-4D96-8198-03AD45F713F9}.Debug|Any CPU.Build.0 = Debug|Any CPU
		{61980C1D-42C2-4D96-8198-03AD45F713F9}.Release|Any CPU.ActiveCfg = Release|Any CPU
		{61980C1D-42C2-4D96-8198-03AD45F713F9}.Release|Any CPU.Build.0 = Release|Any CPU
		{C6A36DE0-0D1A-4623-BFB3-862625AFE858}.Debug|Any CPU.ActiveCfg = Debug|Any CPU
		{C6A36DE0-0D1A-4623-BFB3-862625AFE858}.Debug|Any CPU.Build.0 = Debug|Any CPU
		{C6A36DE0-0D1A-4623-BFB3-862625AFE858}.Release|Any CPU.ActiveCfg = Release|Any CPU
		{C6A36DE0-0D1A-4623-BFB3-862625AFE858}.Release|Any CPU.Build.0 = Release|Any CPU
		{51207814-FD5F-484C-AF8C-84433169070A}.Debug|Any CPU.ActiveCfg = Debug|Any CPU
		{51207814-FD5F-484C-AF8C-84433169070A}.Debug|Any CPU.Build.0 = Debug|Any CPU
		{51207814-FD5F-484C-AF8C-84433169070A}.Release|Any CPU.ActiveCfg = Release|Any CPU
		{51207814-FD5F-484C-AF8C-84433169070A}.Release|Any CPU.Build.0 = Release|Any CPU
		{A90560AE-87FB-47E7-B3EC-DB5E4BE4274B}.Debug|Any CPU.ActiveCfg = Debug|Any CPU
		{A90560AE-87FB-47E7-B3EC-DB5E4BE4274B}.Debug|Any CPU.Build.0 = Debug|Any CPU
		{A90560AE-87FB-47E7-B3EC-DB5E4BE4274B}.Release|Any CPU.ActiveCfg = Release|Any CPU
		{A90560AE-87FB-47E7-B3EC-DB5E4BE4274B}.Release|Any CPU.Build.0 = Release|Any CPU
	EndGlobalSection
	GlobalSection(SolutionProperties) = preSolution
		HideSolutionNode = FALSE
	EndGlobalSection
	GlobalSection(NestedProjects) = preSolution
		{EB231E69-6FE4-4796-A120-0B0596DDD010} = {661EDC8B-E618-46C9-B457-B8398320683C}
		{7E837EDD-F2C0-484B-A8B5-0AE74118E2F0} = {EB231E69-6FE4-4796-A120-0B0596DDD010}
		{1377CBC0-A47C-4267-9370-0792AF887026} = {661EDC8B-E618-46C9-B457-B8398320683C}
		{F379FF7E-8A3E-4446-ABCA-4A3E54682209} = {1377CBC0-A47C-4267-9370-0792AF887026}
		{E7EDD2CD-01FA-4CA1-B4B0-1613FB539432} = {661EDC8B-E618-46C9-B457-B8398320683C}
		{9B1CF2DE-8AE0-428C-818E-29162AEEE6D1} = {E7EDD2CD-01FA-4CA1-B4B0-1613FB539432}
		{200A7C81-AE73-43A9-BAC5-29054A96E72B} = {E7EDD2CD-01FA-4CA1-B4B0-1613FB539432}
		{2DC36E1B-8FE7-418D-823C-E674B6C3CBBA} = {E7EDD2CD-01FA-4CA1-B4B0-1613FB539432}
		{61980C1D-42C2-4D96-8198-03AD45F713F9} = {9B1CF2DE-8AE0-428C-818E-29162AEEE6D1}
		{C6A36DE0-0D1A-4623-BFB3-862625AFE858} = {9B1CF2DE-8AE0-428C-818E-29162AEEE6D1}
		{51207814-FD5F-484C-AF8C-84433169070A} = {200A7C81-AE73-43A9-BAC5-29054A96E72B}
		{A90560AE-87FB-47E7-B3EC-DB5E4BE4274B} = {2DC36E1B-8FE7-418D-823C-E674B6C3CBBA}
	EndGlobalSection
	GlobalSection(ExtensibilityGlobals) = postSolution
		SolutionGuid = {319DCDAF-7ED9-4CF8-92A0-23E0FBBAF178}
	EndGlobalSection
EndGlobal
